
Microsoft Visual Studio Solution File, Format Version 12.00
# Visual Studio Version 17
VisualStudioVersion = 17.1.32407.343
MinimumVisualStudioVersion = 10.0.40219.1
Project("{FAE04EC0-301F-11D3-BF4B-00C04F79EFBC}") = "OOP_Article_List", "OOP_Article_List.csproj", "{0F22A696-BB2C-4672-B2F5-0DACE23DE881}"
EndProject
Global
	GlobalSection(SolutionConfigurationPlatforms) = preSolution
		Debug|Any CPU = Debug|Any CPU
		Release|Any CPU = Release|Any CPU
	EndGlobalSection
	GlobalSection(ProjectConfigurationPlatforms) = postSolution
		{0F22A696-BB2C-4672-B2F5-0DACE23DE881}.Debug|Any CPU.ActiveCfg = Debug|Any CPU
		{0F22A696-BB2C-4672-B2F5-0DACE23DE881}.Debug|Any CPU.Build.0 = Debug|Any CPU
		{0F22A696-BB2C-4672-B2F5-0DACE23DE881}.Release|Any CPU.ActiveCfg = Release|Any CPU
		{0F22A696-BB2C-4672-B2F5-0DACE23DE881}.Release|Any CPU.Build.0 = Release|Any CPU
	EndGlobalSection
	GlobalSection(SolutionProperties) = preSolution
		HideSolutionNode = FALSE
	EndGlobalSection
	GlobalSection(ExtensibilityGlobals) = postSolution
		SolutionGuid = {5B3B1277-1BA3-4060-9371-528C3BB73FBE}
	EndGlobalSection
EndGlobal
